# This file is autogenerated, do not edit; changes may be undone by the next 'dep ensure'.


[[projects]]
  digest = "1:b62a3c5b37db602bf1158e921da1a762315a4c37855fd418a14498aa87a342d5"
  name = "cloud.google.com/go"
  packages = ["civil"]
  pruneopts = "NUT"
  revision = "0ebda48a7f143b1cce9eb37a8c1106ac762a3430"
  version = "v0.34.0"

[[projects]]
  digest = "1:188f74d743ff5e941788eceec4546703f31cde64d7da744137ad361c875c8609"
  name = "collectd.org"
  packages = [
    "api",
    "cdtime",
    "network",
  ]
  pruneopts = "NUT"
  revision = "2ce144541b8903101fb8f1483cc0497a68798122"
  version = "v0.3.0"

[[projects]]
  digest = "1:4c981012ff1b1c68536e51da19cfdb26c78d0b3625e219e55f437527a7cd1d62"
  name = "github.com/Knetic/govaluate"
  packages = ["."]
  pruneopts = "NUT"
  revision = "4598e72a5762f7e683b840482a8bf9d19b1eb5e2"
  version = "v2.3.0"

[[projects]]
  digest = "1:99632bb2b4e2c066233ee9d19c1370a695ebd2be18625e31390476d356db5d8a"
  name = "github.com/Microsoft/go-winio"
  packages = ["."]
  pruneopts = "NUT"
  revision = "a6d595ae73cf27a1b8fc32930668708f45ce1c85"
  version = "v0.4.9"

[[projects]]
  branch = "master"
  digest = "1:932162d22cf703b2ff12f8c611d7bcb43415f0d7fb4da85af271beb98801f789"
  name = "github.com/ShowMax/go-fqdn"
  packages = ["."]
  pruneopts = "NUT"
  revision = "2501cdd51ef4c60dd727c58b2199e1a09466b10f"

[[projects]]
  digest = "1:1d520ca43a45b3bf83c32d7317acdca5174375ae857a7b2b153bced8189b9133"
  name = "github.com/StackExchange/wmi"
  packages = ["."]
  pruneopts = "NUT"
  revision = "b12b22c5341f0c26d88c4d66176330500e84db68"

[[projects]]
  branch = "master"
  digest = "1:f3793f8a708522400cef1dba23385e901aede5519f68971fd69938ef330b07a1"
  name = "github.com/alecthomas/template"
  packages = [
    ".",
    "parse",
  ]
  pruneopts = "NUT"
  revision = "a0175ee3bccc567396460bf5acd36800cb10c49c"

[[projects]]
  branch = "master"
  digest = "1:fdd419e104ec26bb5bd63cc62637c640453ed2929a7453f3afadbd9a0223da66"
  name = "github.com/alecthomas/units"
  packages = ["."]
  pruneopts = "NUT"
  revision = "2efee857e7cfd4f3d0138cc3cbb1b4966962b93a"

[[projects]]
  digest = "1:9752dad5e89cd779096bf2477a4ded16bea7ac62de453c8d6b4bf841d51a8512"
  name = "github.com/apache/thrift"
  packages = ["lib/go/thrift"]
  pruneopts = "NUT"
  revision = "858809fad01dba7318c33dc30f6cc92a6e2ac7b1"

[[projects]]
  branch = "master"
  digest = "1:707ebe952a8b3d00b343c01536c79c73771d100f63ec6babeaed5c79e2b8a8dd"
  name = "github.com/beorn7/perks"
  packages = ["quantile"]
  pruneopts = "NUT"
  revision = "3a771d992973f24aa725d07868b467d1ddfceafb"

[[projects]]
  digest = "1:e907c2cf2df370592f4e3a5b8c2bcdf6e16709cace789d53ea7d22720e8b79c2"
  name = "github.com/coreos/bbolt"
  packages = ["."]
  pruneopts = "NUT"
  revision = "7ee3ded59d4835e10f3e7d0f7603c42aa5e83820"

[[projects]]
  digest = "1:444f3d025c7a89f32e9c9f251c5322d1ce8b90ef476193f33ed94525a2b084b5"
  name = "github.com/coreos/etcd"
  packages = [
    "alarm",
    "auth",
    "auth/authpb",
    "client",
    "clientv3",
    "clientv3/concurrency",
    "compactor",
    "discovery",
    "embed",
    "error",
    "etcdserver",
    "etcdserver/api",
    "etcdserver/api/etcdhttp",
    "etcdserver/api/v2http",
    "etcdserver/api/v2http/httptypes",
    "etcdserver/api/v2v3",
    "etcdserver/api/v3client",
    "etcdserver/api/v3election",
    "etcdserver/api/v3election/v3electionpb",
    "etcdserver/api/v3election/v3electionpb/gw",
    "etcdserver/api/v3lock",
    "etcdserver/api/v3lock/v3lockpb",
    "etcdserver/api/v3lock/v3lockpb/gw",
    "etcdserver/api/v3rpc",
    "etcdserver/api/v3rpc/rpctypes",
    "etcdserver/auth",
    "etcdserver/etcdserverpb",
    "etcdserver/etcdserverpb/gw",
    "etcdserver/membership",
    "etcdserver/stats",
    "lease",
    "lease/leasehttp",
    "lease/leasepb",
    "mvcc",
    "mvcc/backend",
    "mvcc/mvccpb",
    "pkg/adt",
    "pkg/contention",
    "pkg/cors",
    "pkg/cpuutil",
    "pkg/crc",
    "pkg/debugutil",
    "pkg/fileutil",
    "pkg/httputil",
    "pkg/idutil",
    "pkg/ioutil",
    "pkg/logutil",
    "pkg/netutil",
    "pkg/pathutil",
    "pkg/pbutil",
    "pkg/runtime",
    "pkg/schedule",
    "pkg/srv",
    "pkg/tlsutil",
    "pkg/transport",
    "pkg/types",
    "pkg/wait",
    "proxy/grpcproxy/adapter",
    "raft",
    "raft/raftpb",
    "rafthttp",
    "snap",
    "snap/snappb",
    "store",
    "version",
    "wal",
    "wal/walpb",
  ]
  pruneopts = "NUT"
  revision = "27fc7e2296f506182f58ce846e48f36b34fe6842"

[[projects]]
  digest = "1:0ef770954bca104ee99b3b6b7f9b240605ac03517d9f98cbc1893daa03f3c038"
  name = "github.com/coreos/go-semver"
  packages = ["semver"]
  pruneopts = "NUT"
  revision = "8ab6407b697782a06568d4b7f1db25550ec2e4c6"
  version = "v0.2.0"

[[projects]]
  digest = "1:541e0ffcb21d7144a9c7b7536937d34c7764dd424da374437eca5a685e1e9f7c"
  name = "github.com/coreos/go-systemd"
  packages = [
    "journal",
    "util",
  ]
  pruneopts = "NUT"
  revision = "40e2722dffead74698ca12a750f64ef313ddce05"
  version = "v16"

[[projects]]
  digest = "1:ce0e7a04d338a327240771e034f06f9467c6c270fd34e0a8273f8c8da738c764"
  name = "github.com/coreos/pkg"
  packages = [
    "capnslog",
    "dlopen",
  ]
  pruneopts = "NUT"
  revision = "3ac0863d7acf3bc44daf49afef8919af12f704ef"
  version = "v3"

[[projects]]
  digest = "1:0fca00b592f2c03b095c1e3416781b90eda70bfec82d1d4725181bb3b6755e99"
  name = "github.com/creasty/defaults"
  packages = ["."]
  pruneopts = "NUT"
  revision = "70562fe606572ce5d1a2abb2039bcbdc18709c01"
  source = "github.com/signalfx/defaults"

[[projects]]
  digest = "1:a2c1d0e43bd3baaa071d1b9ed72c27d78169b2b269f71c105ac4ba34b1be4a39"
  name = "github.com/davecgh/go-spew"
  packages = ["spew"]
  pruneopts = "NUT"
  revision = "346938d642f2ec3594ed81d874461961cd0faa76"
  version = "v1.1.0"

[[projects]]
  branch = "master"
  digest = "1:949bbde2053e646b7b07c53289a78c452ca93acebb2714ac8553c6cdd4c63b18"
  name = "github.com/denisenkom/go-mssqldb"
  packages = [
    ".",
    "internal/cp",
  ]
  pruneopts = "NUT"
  revision = "4e0d7dc8888fbb59764060e99b7b68e77a6f9698"

[[projects]]
  digest = "1:7a6852b35eb5bbc184561443762d225116ae630c26a7c4d90546619f1e7d2ad2"
  name = "github.com/dgrijalva/jwt-go"
  packages = ["."]
  pruneopts = "NUT"
  revision = "06ea1031745cb8b3dab3f6a236daf2b0aa468b7e"
  version = "v3.2.0"

[[projects]]
  digest = "1:4189ee6a3844f555124d9d2656fe7af02fca961c2a9bad9074789df13a0c62e0"
  name = "github.com/docker/distribution"
  packages = [
    "digestset",
    "reference",
  ]
  pruneopts = "NUT"
  revision = "fea8bd51143307d3454703eadecbeeb778aa75e8"

[[projects]]
  digest = "1:c29b984fbe376fa96c9908679b09d5be8c53d788dc38f07b3a7f9e576c426b59"
  name = "github.com/docker/docker"
  packages = [
    "api",
    "api/types",
    "api/types/blkiodev",
    "api/types/container",
    "api/types/events",
    "api/types/filters",
    "api/types/image",
    "api/types/mount",
    "api/types/network",
    "api/types/registry",
    "api/types/strslice",
    "api/types/swarm",
    "api/types/swarm/runtime",
    "api/types/time",
    "api/types/versions",
    "api/types/volume",
    "client",
  ]
  pruneopts = "NUT"
  revision = "6e5c2d639f67ae70f54d9f2285f3261440b074aa"

[[projects]]
  digest = "1:f133477f38c590bdcd6fc534617df17983f7a21e5b686d4a3495abeb21c631ec"
  name = "github.com/docker/go-connections"
  packages = [
    "nat",
    "sockets",
    "tlsconfig",
  ]
  pruneopts = "NUT"
  revision = "3ede32e2033de7505e6500d6c868c2b9ed9f169d"
  version = "v0.3.0"

[[projects]]
  digest = "1:9d8fe33c2e1aa01c76db67f285ffdb7dbdb5c5d90d9deb296526d67b9798ce7b"
  name = "github.com/docker/go-units"
  packages = ["."]
  pruneopts = "NUT"
  revision = "0dadbb0345b35ec7ef35e228dabb8de89a65bf52"
  version = "v0.3.2"

[[projects]]
  digest = "1:81466b4218bf6adddac2572a30ac733a9255919bc2f470b4827a317bd4ee1756"
  name = "github.com/ghodss/yaml"
  packages = ["."]
  pruneopts = "NUT"
  revision = "0ca9ea5df5451ffdf184b4428c902747c2c11cd7"
  version = "v1.0.0"

[[projects]]
  digest = "1:738c75300725db7262825a96ba5b6a8a737f0faa93d9dadcf3977504034877e0"
  name = "github.com/go-logfmt/logfmt"
  packages = ["."]
  pruneopts = "NUT"
  revision = "07c9b44f60d7ffdfb7d8efe1ad539965737836dc"
  version = "v0.4.0"

[[projects]]
  digest = "1:cb4e216bd9f58866f42dc65893455b24f879b026fdaa1ecc3aafff625fdb5a66"
  name = "github.com/go-ole/go-ole"
  packages = [
    ".",
    "oleutil",
  ]
  pruneopts = "NUT"
  revision = "a41e3c4b706f6ae8dfbff342b06e40fa4d2d0506"
  version = "v1.2.1"

[[projects]]
  digest = "1:672bdbde3b59017aba3b328d0ec42dc30e0ab80ff48681947596785738c00ff1"
  name = "github.com/go-playground/locales"
  packages = [
    ".",
    "currency",
  ]
  pruneopts = "NUT"
  revision = "e4cbcb5d0652150d40ad0646651076b6bd2be4f6"
  version = "v0.11.2"

[[projects]]
  digest = "1:1683152827ebac377858b53a6ad0be90fb1711061c7e580c5dc719834a349162"
  name = "github.com/go-playground/universal-translator"
  packages = ["."]
  pruneopts = "NUT"
  revision = "b32fa301c9fe55953584134cb6853a13c87ec0a1"
  version = "v0.16.0"

[[projects]]
  digest = "1:6a7159c5f8f8826207545407a458b43ab6599c1c8a2271465c2e979ecea1dcd4"
  name = "github.com/gobwas/glob"
  packages = [
    ".",
    "compiler",
    "match",
    "syntax",
    "syntax/ast",
    "syntax/lexer",
    "util/runes",
    "util/strings",
  ]
  pruneopts = "NUT"
  revision = "5ccd90ef52e1e632236f7326478d4faa74f99438"
  version = "v0.2.3"

[[projects]]
  digest = "1:b15cd9015d6ebdedb4e7f415bb9cc8870210081c256dc6c5bae2928d31f6c5ba"
  name = "github.com/gogo/protobuf"
  packages = [
    "gogoproto",
    "proto",
    "protoc-gen-gogo/descriptor",
    "sortkeys",
  ]
  pruneopts = "NUT"
  revision = "c0656edd0d9eab7c66d1eb0c568f9039345796f7"

[[projects]]
  branch = "master"
  digest = "1:e2b86e41f3d669fc36b50d31d32d22c8ac656c75aa5ea89717ce7177e134ff2a"
  name = "github.com/golang/glog"
  packages = ["."]
  pruneopts = "NUT"
  revision = "23def4e6c14b4da8ac2ed8007337bc5eb5007998"

[[projects]]
  branch = "master"
  digest = "1:3fb07f8e222402962fa190eb060608b34eddfb64562a18e2167df2de0ece85d8"
  name = "github.com/golang/groupcache"
  packages = ["lru"]
  pruneopts = "NUT"
  revision = "66deaeb636dff1ac7d938ce666d090556056a4b0"

[[projects]]
  digest = "1:b60efdeb75d3c0ceed88783ac2495256aba3491a537d0f31401202579fd62a94"
  name = "github.com/golang/mock"
  packages = ["gomock"]
  pruneopts = "NUT"
  revision = "51421b967af1f557f93a59e0057aaf15ca02e29c"
  version = "v1.2.0"

[[projects]]
  digest = "1:224dbf3a601f51cbf47824d46be29562fb1e897ca0ed0908a56b0b79ec71d914"
  name = "github.com/golang/protobuf"
  packages = [
    "jsonpb",
    "proto",
    "ptypes",
    "ptypes/any",
    "ptypes/duration",
    "ptypes/struct",
    "ptypes/timestamp",
  ]
  pruneopts = "NUT"
  revision = "aa810b61a9c79d51363740d207bb46cf8e620ed5"

[[projects]]
  branch = "master"
  digest = "1:245bd4eb633039cd66106a5d340ae826d87f4e36a8602fcc940e14176fd26ea7"
  name = "github.com/google/btree"
  packages = ["."]
  pruneopts = "NUT"
  revision = "e89373fe6b4a7413d7acd6da1725b83ef713e6e4"

[[projects]]
  digest = "1:c84dbb4149b17b58b44f37fb0edee5a523eb872a49b74551967f6b3fc94b6b97"
  name = "github.com/google/cadvisor"
  packages = [
    "client",
    "info/v1",
  ]
  pruneopts = "NUT"
  revision = "d19cc94b760cd8f150a0a5d95b404dec39a121a1"
  version = "v0.26.1"

[[projects]]
  branch = "master"
  digest = "1:52c5834e2bebac9030c97cc0798ac11c3aa8a39f098aeb419f142533da6cd3cc"
  name = "github.com/google/gofuzz"
  packages = ["."]
  pruneopts = "NUT"
  revision = "24818f796faf91cd76ec7bddd72458fbced7a6c1"

[[projects]]
  digest = "1:3d7c1446fc5c710351b246c0dc6700fae843ca27f5294d0bd9f68bab2a810c44"
  name = "github.com/googleapis/gnostic"
  packages = [
    "OpenAPIv2",
    "compiler",
    "extensions",
  ]
  pruneopts = "NUT"
  revision = "ee43cbb60db7bd22502942cccbc39059117352ab"
  version = "v0.1.0"

[[projects]]
  digest = "1:dbd86d229eacaa86a98b10f8fb3e3fc69a1913e0f4e010e7cc1f92bf12edca92"
  name = "github.com/gorilla/context"
  packages = ["."]
  pruneopts = "NUT"
  revision = "1ea25387ff6f684839d82767c1733ff4d4d15d0a"
  version = "v1.1"

[[projects]]
  digest = "1:eced3d718020962f1cc6ac109b840ba17dc817a291062b5948ba7aecc8c6665d"
  name = "github.com/gorilla/mux"
  packages = ["."]
  pruneopts = "NUT"
  revision = "53c1911da2b537f792e7cafcb446b05ffe33b996"
  version = "v1.6.1"

[[projects]]
  digest = "1:4a0c072e44da763409da72d41492373a034baf2e6d849c76d239b4abdfbb6c49"
  name = "github.com/gorilla/websocket"
  packages = ["."]
  pruneopts = "NUT"
  revision = "66b9c49e59c6c48f0ffce28c2d8b8a5678502c6d"
  version = "v1.4.0"

[[projects]]
  branch = "master"
  digest = "1:7fdf3223c7372d1ced0b98bf53457c5e89d89aecbad9a77ba9fcc6e01f9e5621"
  name = "github.com/gregjones/httpcache"
  packages = [
    ".",
    "diskcache",
  ]
  pruneopts = "NUT"
  revision = "2bcd89a1743fd4b373f7370ce8ddc14dfbd18229"

[[projects]]
  digest = "1:1b497700cbc61544430babb4e4fd4313758bb9fec7144ca50c625fa6ce8266c7"
  name = "github.com/grpc-ecosystem/go-grpc-middleware"
  packages = ["."]
  pruneopts = "NUT"
  revision = "c250d6563d4d4c20252cd865923440e829844f4e"
  version = "v1.0.0"

[[projects]]
  digest = "1:5872c7f130f62fc34bfda20babad36be6309c00b5c9207717f7cd2a51536fff4"
  name = "github.com/grpc-ecosystem/go-grpc-prometheus"
  packages = ["."]
  pruneopts = "NUT"
  revision = "c225b8c3b01faf2899099b768856a9e916e5087b"
  version = "v1.2.0"

[[projects]]
  digest = "1:5c3363169fc963321cd0789dda2ddff90562817d277e78011b0e1bbf51a6b473"
  name = "github.com/grpc-ecosystem/grpc-gateway"
  packages = [
    "runtime",
    "runtime/internal",
    "utilities",
  ]
  pruneopts = "NUT"
  revision = "92583770e3f01b09a0d3e9bdf64321d8bebd48f2"
  version = "v1.4.1"

[[projects]]
  digest = "1:fc19fe7393428b388b361264bb34ebb92b973b1d0b63315903e3737399900cc9"
  name = "github.com/hashicorp/consul"
  packages = ["api"]
  pruneopts = "NUT"
  revision = "48f3dd5642374d079f5a64359023fb8318eb81cc"
  version = "v1.0.3"

[[projects]]
  branch = "master"
  digest = "1:a5d940c38bf56f121721bfa747c66356df387cb9d5318c570c6d4170aab62862"
  name = "github.com/hashicorp/go-cleanhttp"
  packages = ["."]
  pruneopts = "NUT"
  revision = "d5fe4b57a186c716b0e00b8c301cbd9b4182694d"

[[projects]]
  branch = "master"
  digest = "1:cdb5ce76cd7af19e3d2d5ba9b6458a2ee804f0d376711215dd3df5f51100d423"
  name = "github.com/hashicorp/go-rootcerts"
  packages = ["."]
  pruneopts = "NUT"
  revision = "6bb64b370b90e7ef1fa532be9e591a81c3493e00"

[[projects]]
  branch = "master"
  digest = "1:13e2fa5735a82a5fb044f290cfd0dba633d1c5e516b27da0509e0dbb3515a18e"
  name = "github.com/hashicorp/golang-lru"
  packages = [
    ".",
    "simplelru",
  ]
  pruneopts = "NUT"
  revision = "0fb14efe8c47ae851c0034ed7a448854d3d34cf3"

[[projects]]
  digest = "1:0dd7b7b01769f9df356dc99f9e4144bdbabf6c79041ea7c0892379c5737f3c44"
  name = "github.com/hashicorp/serf"
  packages = ["coordinate"]
  pruneopts = "NUT"
  revision = "d6574a5bb1226678d7010325fb6c985db20ee458"
  version = "v0.8.1"

[[projects]]
  branch = "master"
  digest = "1:cc64e90fda7656daddd7ea78fdf0bcd4d69434e5179bb3063893fd89363a302c"
  name = "github.com/iancoleman/strcase"
  packages = ["."]
  pruneopts = "NUT"
  revision = "3de563c3dc08a7504131e9d63f678b7d1c3e85d7"

[[projects]]
  branch = "master"
  digest = "1:cb88b61283669e6c48c480464a99794e2f61c3dc5ce924c7c78cec6af71b9675"
  name = "github.com/influxdata/tail"
  packages = [
    ".",
    "ratelimiter",
    "util",
    "watch",
    "winfile",
  ]
  pruneopts = "NUT"
  revision = "c43482518d410361b6c383d7aebce33d0471d7bc"

[[projects]]
  digest = "1:cb943ba21dd64a6a645538a82f99b1894b62823b694bb98bab1acde36afc706d"
  name = "github.com/influxdata/telegraf"
  packages = [
    ".",
    "internal",
    "internal/globpath",
    "internal/templating",
    "metric",
    "plugins/inputs",
    "plugins/inputs/logparser",
    "plugins/inputs/procstat",
    "plugins/inputs/snmp",
    "plugins/inputs/sqlserver",
    "plugins/inputs/statsd",
    "plugins/inputs/tail",
    "plugins/inputs/win_perf_counters",
    "plugins/inputs/win_services",
    "plugins/parsers",
    "plugins/parsers/collectd",
    "plugins/parsers/csv",
    "plugins/parsers/dropwizard",
    "plugins/parsers/graphite",
    "plugins/parsers/grok",
    "plugins/parsers/influx",
    "plugins/parsers/json",
    "plugins/parsers/logfmt",
    "plugins/parsers/nagios",
    "plugins/parsers/value",
    "plugins/parsers/wavefront",
    "selfstat",
  ]
  pruneopts = "NUT"
  revision = "f297910623fc8797618fe6b2ee3e393c1c41697c"
  version = "1.8.3"

[[projects]]
  digest = "1:ed32dc822d051bf443e256bb9d535b6328423d9e22355da2d9e2efb943593e5f"
  name = "github.com/jaegertracing/jaeger"
  packages = ["thrift-gen/jaeger"]
  pruneopts = "NUT"
  revision = "4bbf7c277feaac37a3b1c1e4da9b49c60c2740cc"
  version = "v1.7.0"

[[projects]]
  digest = "1:6b1eae4bb93e5ccd23cb09d1e005ecb391316d27701b7a5264f8555a6e2f3d87"
  name = "github.com/jonboulle/clockwork"
  packages = ["."]
  pruneopts = "NUT"
  revision = "2eee05ed794112d45db504eb05aa693efd2b8b09"
  version = "v0.1.0"

[[projects]]
  digest = "1:0243cffa4a3410f161ee613dfdd903a636d07e838a42d341da95d81f42cd1d41"
  name = "github.com/json-iterator/go"
  packages = ["."]
  pruneopts = "NUT"
  revision = "f2b4162afba35581b6d4a50d3b8f34e33c144682"

[[projects]]
  branch = "master"
  digest = "1:263f9b0a0bcbfff9d5e7d9f2aa11f53995d98214fe0fb97e429e7a5f4534a0f9"
  name = "github.com/kardianos/osext"
  packages = ["."]
  pruneopts = "NUT"
  revision = "ae77be60afb1dcacde03767a8c37337fad28ac14"

[[projects]]
  digest = "1:320c5a199bdfddb72c3c53786f16734279ea73fd3fccad51a753728413189cbf"
  name = "github.com/kardianos/service"
  packages = ["."]
  pruneopts = "NUT"
  revision = "615a14ed75099c9eaac6949e22ac2341bf9d3197"

[[projects]]
  branch = "master"
  digest = "1:f91bb67d051a94cf6ab2cf07eee0550432afc31655838d42cdec258db4b348f0"
  name = "github.com/kr/logfmt"
  packages = ["."]
  pruneopts = "NUT"
  revision = "b84e30acd515aadc4b783ad4ff83aff3299bdfe0"

[[projects]]
  branch = "master"
  digest = "1:7b21c7fc5551b46d1308b4ffa9e9e49b66c7a8b0ba88c0130474b0e7a20d859f"
  name = "github.com/kr/pretty"
  packages = ["."]
  pruneopts = "NUT"
  revision = "cfb55aafdaf3ec08f0db22699ab822c50091b1c4"

[[projects]]
  branch = "master"
  digest = "1:c3a7836b5904db0f8b609595b619916a6831cb35b8b714aec39f96d00c6155d8"
  name = "github.com/kr/text"
  packages = ["."]
  pruneopts = "NUT"
  revision = "7cafcd837844e784b526369c9bce262804aebc60"

[[projects]]
  branch = "master"
  digest = "1:502f9bbd100fbf4c61982f86f89a5de9da1cad97f2701fdb7724b3ac69d216e6"
  name = "github.com/mailru/easyjson"
  packages = [
    ".",
    "buffer",
    "jlexer",
    "jwriter",
  ]
  pruneopts = "NUT"
  revision = "32fa128f234d041f196a9f3e0fea5ac9772c08e1"

[[projects]]
  digest = "1:08c231ec84231a7e23d67e4b58f975e1423695a32467a362ee55a803f9de8061"
  name = "github.com/mattn/go-colorable"
  packages = ["."]
  pruneopts = "NUT"
  revision = "167de6bfdfba052fa6b2d3664c8f5272e23c9072"
  version = "v0.0.9"

[[projects]]
  digest = "1:bc4f7eec3b7be8c6cb1f0af6c1e3333d5bb71072951aaaae2f05067b0803f287"
  name = "github.com/mattn/go-isatty"
  packages = ["."]
  pruneopts = "NUT"
  revision = "0360b2af4f38e8d38c7fce2a9f4e702702d73a39"
  version = "v0.0.3"

[[projects]]
  digest = "1:5985ef4caf91ece5d54817c11ea25f182697534f8ae6521eadcd628c142ac4b6"
  name = "github.com/matttproud/golang_protobuf_extensions"
  packages = ["pbutil"]
  pruneopts = "NUT"
  revision = "3247c84500bff8d9fb6d579d800f20b3e091582c"
  version = "v1.0.0"

[[projects]]
  branch = "master"
  digest = "1:063d55b87e200bced5e2be658cc70acafb4c5bbc4afa04d4b82f66298b73d089"
  name = "github.com/mgutz/ansi"
  packages = ["."]
  pruneopts = "NUT"
  revision = "9520e82c474b0a04dd04f8a40959027271bab992"

[[projects]]
  branch = "master"
  digest = "1:b62c4f18ad6eb454ac5253e7791ded3d7867330015ca4b37b6336e57f514585e"
  name = "github.com/mitchellh/go-homedir"
  packages = ["."]
  pruneopts = "NUT"
  revision = "b8bc1bf767474819792c23f32d8286a45736f1c6"

[[projects]]
  branch = "master"
  digest = "1:e34decedbcec12332c5836d16a6838f864e0b43c5b4f9aa9d9a85101015f87c2"
  name = "github.com/mitchellh/hashstructure"
  packages = ["."]
  pruneopts = "NUT"
  revision = "2bca23e0e452137f789efbc8610126fd8b94f73b"

[[projects]]
  digest = "1:2f42fa12d6911c7b7659738758631bec870b7e9b4c6be5444f963cdcfccc191f"
  name = "github.com/modern-go/concurrent"
  packages = ["."]
  pruneopts = "NUT"
  revision = "bacd9c7ef1dd9b15be4a9909b8ac7a4e313eec94"
  version = "1.0.3"

[[projects]]
  digest = "1:c6aca19413b13dc59c220ad7430329e2ec454cc310bc6d8de2c7e2b93c18a0f6"
  name = "github.com/modern-go/reflect2"
  packages = ["."]
  pruneopts = "NUT"
  revision = "4b7aa43c6742a2c18fdef89dd197aaae7dac7ccd"
  version = "1.0.1"

[[projects]]
  digest = "1:2dad3f41a7614cb209c6512b28ff85f56a2cc525a900b7e8d2b15f5b3ff0add5"
  name = "github.com/onsi/ginkgo"
  packages = [
    ".",
    "config",
    "internal/codelocation",
    "internal/containernode",
    "internal/failer",
    "internal/leafnodes",
    "internal/remote",
    "internal/spec",
    "internal/spec_iterator",
    "internal/specrunner",
    "internal/suite",
    "internal/testingtproxy",
    "internal/writer",
    "reporters",
    "reporters/stenographer",
    "reporters/stenographer/support/go-colorable",
    "reporters/stenographer/support/go-isatty",
    "types",
  ]
  pruneopts = "NUT"
  revision = "77a8c1e5c40d6bb6c5eb4dd4bdce9763564f6298"
  version = "v1.3.1"

[[projects]]
  digest = "1:feed851b93f9debbe8180092067c4e29a51c06dbb5fe2f643ec9feea039670a3"
  name = "github.com/onsi/gomega"
  packages = [
    ".",
    "format",
    "internal/assertion",
    "internal/asyncassertion",
    "internal/oraclematcher",
    "internal/testingtsupport",
    "matchers",
    "matchers/support/goraph/bipartitegraph",
    "matchers/support/goraph/edge",
    "matchers/support/goraph/node",
    "matchers/support/goraph/util",
    "types",
  ]
  pruneopts = "NUT"
  revision = "003f63b7f4cff3fc95357005358af2de0f5fe152"
  version = "v1.3.0"

[[projects]]
  digest = "1:e0cc8395ea893c898ff5eb0850f4d9851c1f57c78c232304a026379a47a552d0"
  name = "github.com/opencontainers/go-digest"
  packages = ["."]
  pruneopts = "NUT"
  revision = "279bed98673dd5bef374d3b6e4b09e2af76183bf"
  version = "v1.0.0-rc1"

[[projects]]
  digest = "1:11db38d694c130c800d0aefb502fb02519e514dc53d9804ce51d1ad25ec27db6"
  name = "github.com/opencontainers/image-spec"
  packages = [
    "specs-go",
    "specs-go/v1",
  ]
  pruneopts = "NUT"
  revision = "d60099175f88c47cd379c4738d158884749ed235"
  version = "v1.0.1"

[[projects]]
  digest = "1:7da29c22bcc5c2ffb308324377dc00b5084650348c2799e573ed226d8cc9faf0"
  name = "github.com/opentracing/opentracing-go"
  packages = [
    ".",
    "ext",
    "log",
  ]
  pruneopts = "NUT"
  revision = "1949ddbfd147afd4d964a9f00b24eb291e0e7c38"
  version = "v1.0.2"

[[projects]]
  branch = "master"
  digest = "1:3bf17a6e6eaa6ad24152148a631d18662f7212e21637c2699bff3369b7f00fa2"
  name = "github.com/petar/GoLLRB"
  packages = ["llrb"]
  pruneopts = "NUT"
  revision = "53be0d36a84c2a886ca057d34b6aa4468df9ccb4"

[[projects]]
  digest = "1:6c6d91dc326ed6778783cff869c49fb2f61303cdd2ebbcf90abe53505793f3b6"
  name = "github.com/peterbourgon/diskv"
  packages = ["."]
  pruneopts = "NUT"
  revision = "5f041e8faa004a95c88a202771f4cc3e991971e6"
  version = "v2.0.1"

[[projects]]
  digest = "1:5cf3f025cbee5951a4ee961de067c8a89fc95a5adabead774f82822efabab121"
  name = "github.com/pkg/errors"
  packages = ["."]
  pruneopts = "NUT"
  revision = "645ef00459ed84a119197bfb8d8205042c6df63d"
  version = "v0.8.0"

[[projects]]
  digest = "1:0028cb19b2e4c3112225cd871870f2d9cf49b9b4276531f03438a88e94be86fe"
  name = "github.com/pmezard/go-difflib"
  packages = ["difflib"]
  pruneopts = "NUT"
  revision = "792786c7400a136282c1664665ae0a8db921c6c2"
  version = "v1.0.0"

[[projects]]
  digest = "1:7c7cfeecd2b7147bcfec48a4bf622b4879e26aec145a9e373ce51d0c23b16f6b"
  name = "github.com/prometheus/client_golang"
  packages = [
    "prometheus",
    "prometheus/internal",
    "prometheus/promhttp",
  ]
  pruneopts = "NUT"
  revision = "505eaef017263e299324067d40ca2c48f6a2cf50"
  version = "v0.9.2"

[[projects]]
  branch = "master"
  digest = "1:32d10bdfa8f09ecf13598324dba86ab891f11db3c538b6a34d1c3b5b99d7c36b"
  name = "github.com/prometheus/client_model"
  packages = ["go"]
  pruneopts = "NUT"
  revision = "99fa1f4be8e564e8a6b613da7fa6f46c9edafc6c"

[[projects]]
  branch = "master"
  digest = "1:5a31033f117e1be267d642fa385ec7f0434e7b7ce8d934ff049c9efb78307f24"
  name = "github.com/prometheus/common"
  packages = [
    "expfmt",
    "internal/bitbucket.org/ww/goautoneg",
    "log",
    "model",
  ]
  pruneopts = "NUT"
  revision = "e4aa40a9169a88835b849a6efb71e05dc04b88f0"

[[projects]]
  branch = "master"
  digest = "1:102dea0c03a915acfc634b7c67f2662012b5483b56d9025e33f5188e112759b6"
  name = "github.com/prometheus/procfs"
  packages = [
    ".",
    "internal/util",
    "nfs",
    "xfs",
  ]
  pruneopts = "NUT"
  revision = "1dc9a6cbc91aacc3e8b2d63db4d2e957a5394ac4"

[[projects]]
  digest = "1:694e30ddad595110e541880d1b2b6377ebbdac18cd8f7b56f15b32f6919fc582"
  name = "github.com/quentin-m/etcd-cloud-operator"
  packages = [
    "pkg/etcd",
    "pkg/providers",
    "pkg/providers/snapshot",
    "pkg/providers/snapshot/etcd",
  ]
  pruneopts = "NUT"
  revision = "b18fdd887d97ccf755e4737d14d8a9b9e97bbc9e"
  source = "github.com/signalfx/etcd-cloud-operator"

[[projects]]
  branch = "master"
  digest = "1:4d92d3bcd412de705100c10f0428a0b63b12f3d12455ebae46e9ea384c23b333"
  name = "github.com/samuel/go-zookeeper"
  packages = ["zk"]
  pruneopts = "NUT"
  revision = "c4fab1ac1bec58281ad0667dc3f0907a9476ac47"

[[projects]]
  digest = "1:c977abde44ff4b33ec304d050073d528b530253f4ddbf7caf0d31e0e1bcb3dbd"
  name = "github.com/shirou/gopsutil"
  packages = [
    "cpu",
    "host",
    "internal/common",
    "mem",
    "net",
    "process",
  ]
  pruneopts = "NUT"
  revision = "0ffcfc901f82fc83dc98c51c25ea60c996a1c781"
  source = "github.com/pytimer/gopsutil"

[[projects]]
  branch = "master"
  digest = "1:869e13958e05ca96407cecebea71a60310256aba8f70244d05a06ce09e3f60ba"
  name = "github.com/shirou/w32"
  packages = ["."]
  pruneopts = "NUT"
  revision = "bb4de0191aa41b5507caa14b0650cdbddcd9280b"

[[projects]]
  branch = "master"
  digest = "1:74a468852019b3440166581a31d8c4c8b44a8c8ae05979277c441ba9b6b53be3"
  name = "github.com/signalfx/com_signalfx_metrics_protobuf"
  packages = ["."]
  pruneopts = "NUT"
  revision = "93e507b42f43f458a109ca278d1542a26a0b87fc"

[[projects]]
  branch = "master"
  digest = "1:e3e4baeb39e30cfbe15396d38cb3780f2d1788ebf2663d198ce041411dc04f37"
  name = "github.com/signalfx/gohistogram"
  packages = ["."]
  pruneopts = "NUT"
  revision = "1ccfd2ff508314074672f4450a917011a2060408"

[[projects]]
  digest = "1:7ce995989effbd8221330dbfd7256b185edeefb30edb2e9a910c80bb02964b32"
  name = "github.com/signalfx/golib"
  packages = [
    "datapoint",
    "datapoint/dpsink",
    "dataunit",
    "errors",
    "event",
    "eventcounter",
    "log",
    "metadata/aws/ec2metadata",
    "metadata/hostmetadata",
    "pointer",
    "sfxclient",
    "timekeeper",
    "trace",
    "trace/format",
    "web",
  ]
  pruneopts = "NUT"
  revision = "271e7b77c46c2cb201be901a302cb181a9d1645a"

[[projects]]
  digest = "1:a9bcc51ac25523ae84b3f6ef899a52753737fa4335482c9f2dc35a87b040ee0d"
  name = "github.com/signalfx/metricproxy"
  packages = [
    "logkey",
    "protocol",
    "protocol/collectd",
    "protocol/collectd/format",
    "protocol/filtering",
    "protocol/signalfx",
    "protocol/signalfx/format",
    "protocol/zipper",
    "sampling",
  ]
  pruneopts = "NUT"
  revision = "eb3480c6a51888f40f33d96e62509a41b08483c8"

[[projects]]
  digest = "1:332054668ed749bea01aeb5d2d53391acf386a348bb42c2668630aa6151694a7"
  name = "github.com/signalfx/telegraf"
  packages = ["plugins/outputs/signalfx/parse"]
  pruneopts = "NUT"
  revision = "888c034dc63b1420acc06188f1af72a5b19872e2"
  version = "1.7.1.sfx0"

[[projects]]
  digest = "1:6201742366c1518fc5f0df9ccdb4d193fc8a2aef2cc57bf164c9bca23bd5f869"
  name = "github.com/sirupsen/logrus"
  packages = ["."]
  pruneopts = "NUT"
  revision = "d682213848ed68c0a260ca37d6dd5ace8423f5ba"
  version = "v1.0.4"

[[projects]]
  digest = "1:2f31ab8c0f8b4fad1cd69cf250605009461bd31092a2daf80988fa1fbd7abfd8"
  name = "github.com/soheilhy/cmux"
  packages = ["."]
  pruneopts = "NUT"
  revision = "e09e9389d85d8492d313d73d1469c029e710623f"
  version = "v0.1.4"

[[projects]]
  branch = "master"
  digest = "1:82339c3a0c93e6c104b1b55aa8880b09393fd17b1f34719c1ae184ba0625d4c8"
  name = "github.com/soniah/gosnmp"
  packages = ["."]
  pruneopts = "NUT"
  revision = "0aea62d05f4dc342d5cdd045b81fd821a9af5e99"

[[projects]]
  digest = "1:60a46e2410edbf02b419f833372dd1d24d7aa1b916a990a7370e792fada1eadd"
  name = "github.com/stretchr/objx"
  packages = ["."]
  pruneopts = "NUT"
  revision = "477a77ecc69700c7cdeb1fa9e129548e1c1c393c"
  version = "v0.1.1"

[[projects]]
  digest = "1:81d363777b015e85bd42b978b80f4f5ecdaa43e11452ba8ff7ea93db3ce166bd"
  name = "github.com/stretchr/testify"
  packages = [
    "assert",
    "mock",
  ]
  pruneopts = "NUT"
  revision = "f35b8ab0b5a2cef36673838d662e249dd9c94686"
  version = "v1.2.2"

[[projects]]
  digest = "1:2f83658d78200672f74b3dacb01e17788449319282f5034c734bd1a52e7573db"
  name = "github.com/tidwall/gjson"
  packages = ["."]
  pruneopts = "NUT"
  revision = "1e3f6aeaa5bad08d777ea7807b279a07885dd8b2"
  version = "v1.1.3"

[[projects]]
  digest = "1:20d232e544cf67770287960b1a5e8bee6a58a86fd71f77dfad60a9d903b9f2ed"
  name = "github.com/tidwall/match"
  packages = ["."]
  pruneopts = "NUT"
  revision = "33827db735fff6510490d69a8622612558a557ed"
  version = "v1.0.1"

[[projects]]
  branch = "master"
  digest = "1:9fbba9f266710aae2dfe8bcdb24703b25ada0512623cabc96efb99bc7d579aef"
  name = "github.com/tmc/grpc-websocket-proxy"
  packages = ["wsproxy"]
  pruneopts = "NUT"
  revision = "830351dc03c6f07d625727d5f993a463babb20e1"

[[projects]]
  digest = "1:22f696cee54865fb8e9ff91df7b633f6b8f22037a8015253c6b6a71ca82219c7"
  name = "github.com/uber-go/atomic"
  packages = ["."]
  pruneopts = "NUT"
  revision = "1ea20fb1cbb1cc08cbd0d913a96dead89aa18289"
  version = "v1.3.2"

[[projects]]
  digest = "1:d0d0d54b75bb99684efe66fac0434bb8213e08e3f20bd12642fbce65aca4305c"
  name = "github.com/uber/tchannel-go"
  packages = [
    ".",
    "internal/argreader",
    "relay",
    "thrift",
    "thrift/gen-go/meta",
    "tnet",
    "tos",
    "trand",
    "typed",
  ]
  pruneopts = "NUT"
  revision = "7f5c12c66261f3ac3c5dde959d65eed59e3b63af"
  version = "v1.11.0"

[[projects]]
  digest = "1:1ed7acee0f08ecd69b52fa94213269e880900a910e1631f18fac6f9c908b9408"
  name = "github.com/ugorji/go"
  packages = ["codec"]
  pruneopts = "NUT"
  revision = "9831f2c3ac1068a78f50999a30db84270f647af6"
  version = "v1.1"

[[projects]]
  digest = "1:45e441e74062f04f4d07d6c450ac1b6b0723cd201e7b3ee895ec0ae10e3f658b"
  name = "github.com/ulule/deepcopier"
  packages = ["."]
  pruneopts = "NUT"
  revision = "ca99b135e50f526fde9cd88705f0ff2f3f95b77c"

[[projects]]
  digest = "1:796520da04cd342835b798d8ca760af9eaac9797960d3138c3ef5f3737d569fa"
  name = "github.com/vjeantet/grok"
  packages = ["."]
  pruneopts = "NUT"
  revision = "ce01e59abcf6fbc9833b7deb5e4b8ee1769bcc53"
  version = "v1.0.0"

[[projects]]
  digest = "1:c950ed18f9e7d881d16e226c5612fea8acceb241a0d04c3dad5c0d22c24381c5"
  name = "github.com/x-cray/logrus-prefixed-formatter"
  packages = ["."]
  pruneopts = "NUT"
  revision = "bb2702d423886830dee131692131d35648c382e2"
  version = "v0.5.2"

[[projects]]
  digest = "1:e4ffb3b860a4c71f7805415b4ba1e9a27e04eb9c4c03ddd943e9ff1790eda506"
  name = "github.com/xiang90/probing"
  packages = ["."]
  pruneopts = "NUT"
  revision = "07dd2e8dfe18522e9c447ba95f2fe95262f63bb2"
  version = "0.0.1"

[[projects]]
  digest = "1:8eff4c694254322268936dc162805ff95ac846435e909f011ba43805bb9b4e0f"
  name = "go.uber.org/atomic"
  packages = ["."]
  pruneopts = "NUT"
  revision = "8474b86a5a6f79c443ce4b2992817ff32cf208b8"
  version = "v1.3.1"

[[projects]]
  digest = "1:58ca93bdf81bac106ded02226b5395a0595d5346cdc4caa8d9c1f3a5f8f9976e"
  name = "go.uber.org/multierr"
  packages = ["."]
  pruneopts = "NUT"
  revision = "3c4937480c32f4c13a875a1829af76c98ca3d40a"
  version = "v1.1.0"

[[projects]]
  digest = "1:85674ac609b704fd4e9f463553b6ffc3a3527a993ae0ba550eb56beaabdfe094"
  name = "go.uber.org/zap"
  packages = [
    ".",
    "buffer",
    "internal/bufferpool",
    "internal/color",
    "internal/exit",
    "zapcore",
  ]
  pruneopts = "NUT"
  revision = "ff33455a0e382e8a81d14dd7c922020b6b5e7982"
  version = "v1.9.1"

[[projects]]
  branch = "master"
  digest = "1:b65bf7403a2e0c41c4d46718d280582cea3f403b8788d31e86a19ba2b0d1d20d"
  name = "golang.org/x/crypto"
  packages = [
    "bcrypt",
    "blowfish",
    "md4",
    "ssh/terminal",
  ]
  pruneopts = "NUT"
  revision = "1875d0a70c90e57f11972aefd42276df65e895b9"

[[projects]]
  branch = "master"
  digest = "1:0d81e476250e281ec238912e617632f2c35367ebbdd8de9dfc11071bd212cb78"
  name = "golang.org/x/net"
  packages = [
    "bpf",
    "context",
    "context/ctxhttp",
    "html",
    "html/atom",
    "html/charset",
    "http2",
    "http2/hpack",
    "idna",
    "internal/iana",
    "internal/socket",
    "internal/timeseries",
    "ipv4",
    "ipv6",
    "lex/httplex",
    "proxy",
    "trace",
  ]
  pruneopts = "NUT"
  revision = "2fb46b16b8dda405028c50f7c7f0f9dd1fa6bfb1"

[[projects]]
  branch = "master"
  digest = "1:39ebcc2b11457b703ae9ee2e8cca0f68df21969c6102cb3b705f76cca0ea0239"
  name = "golang.org/x/sync"
  packages = ["errgroup"]
  pruneopts = "NUT"
  revision = "1d60e4601c6fd243af51cc01ddf169918a5407ca"

[[projects]]
  branch = "master"
  digest = "1:1c9f78c3181969a5f18d33cda30f66505ef749156a652dcdeee9f6f6e3f6a2c3"
  name = "golang.org/x/sys"
  packages = [
    "unix",
    "windows",
    "windows/registry",
    "windows/svc",
    "windows/svc/eventlog",
    "windows/svc/mgr",
  ]
  pruneopts = "NUT"
  revision = "37707fdb30a5b38865cfb95e5aab41707daec7fd"

[[projects]]
  digest = "1:8a12cbc891b7130d3f660f8a309e5c0b083f831e6ac38cdaa1f12e63c12d6bea"
  name = "golang.org/x/text"
  packages = [
    "collate",
    "collate/build",
    "encoding",
    "encoding/charmap",
    "encoding/htmlindex",
    "encoding/internal",
    "encoding/internal/identifier",
    "encoding/japanese",
    "encoding/korean",
    "encoding/simplifiedchinese",
    "encoding/traditionalchinese",
    "encoding/unicode",
    "internal/colltab",
    "internal/gen",
    "internal/tag",
    "internal/triegen",
    "internal/ucd",
    "internal/utf8internal",
    "language",
    "runes",
    "secure/bidirule",
    "transform",
    "unicode/bidi",
    "unicode/cldr",
    "unicode/norm",
    "unicode/rangetable",
  ]
  pruneopts = "NUT"
  revision = "e19ae1496984b1c655b8044a65c0300a3c878dd3"

[[projects]]
  branch = "master"
  digest = "1:9fdc2b55e8e0fafe4b41884091e51e77344f7dc511c5acedcfd98200003bff90"
  name = "golang.org/x/time"
  packages = ["rate"]
  pruneopts = "NUT"
  revision = "85acf8d2951cb2a3bde7632f9ff273ef0379bcbd"

[[projects]]
  digest = "1:cd018653a358d4b743a9d3bee89e825521f2ab2f2ec0770164bf7632d8d73ab7"
  name = "google.golang.org/genproto"
  packages = ["googleapis/rpc/status"]
  pruneopts = "NUT"
  revision = "11c7f9e547da6db876260ce49ea7536985904c9b"

[[projects]]
  digest = "1:7c485de3fafb9d0220cd8a5a53dea873b7a7771d88ad894998fc5b2a1a0b3b35"
  name = "google.golang.org/grpc"
  packages = [
    ".",
    "balancer",
    "balancer/base",
    "balancer/roundrobin",
    "channelz",
    "codes",
    "connectivity",
    "credentials",
    "encoding",
    "encoding/proto",
    "grpclb/grpc_lb_v1/messages",
    "grpclog",
    "health",
    "health/grpc_health_v1",
    "internal",
    "keepalive",
    "metadata",
    "naming",
    "peer",
    "resolver",
    "resolver/dns",
    "resolver/passthrough",
    "stats",
    "status",
    "tap",
    "transport",
  ]
  pruneopts = "NUT"
  revision = "41344da2231b913fa3d983840a57a6b1b7b631a1"

[[projects]]
  digest = "1:22b2dee6f30bc8601f087449a2a819df8388e54e9547349c658f14d8f8c590f2"
  name = "gopkg.in/alecthomas/kingpin.v2"
  packages = ["."]
  pruneopts = "NUT"
  revision = "947dcec5ba9c011838740e680966fd7087a71d0d"
  version = "v2.2.6"

[[projects]]
  digest = "1:39f943568ebb4a3dbf1b02cb83be68a724db02cbef9b3f3b72ef783e1fb2e06a"
  name = "gopkg.in/fatih/set.v0"
  packages = ["."]
  pruneopts = "NUT"
  revision = "57907de300222151a123d29255ed17f5ed43fad3"
  version = "v0.1.0"

[[projects]]
  digest = "1:1b91ae0dc69a41d4c2ed23ea5cffb721ea63f5037ca4b81e6d6771fbb8f45129"
  name = "gopkg.in/fsnotify.v1"
  packages = ["."]
  pruneopts = "NUT"
  revision = "c2828203cd70a50dcccfb2761f8b1f8ceef9a8e9"
  source = "https://github.com/fsnotify/fsnotify/archive/v1.4.7.tar.gz"
  version = "v1.4.7"

[[projects]]
  digest = "1:424c948cbcc46affe16c2304a35c160c9d98bb10cb60ada8c334dc450d4d7839"
  name = "gopkg.in/go-playground/validator.v9"
  packages = ["."]
  pruneopts = "NUT"
  revision = "3620d3c0694119b61c72071ff5a05a976e97b05a"
  version = "v9.9.4"

[[projects]]
  digest = "1:ef72505cf098abdd34efeea032103377bec06abb61d8a06f002d5d296a4b1185"
  name = "gopkg.in/inf.v0"
  packages = ["."]
  pruneopts = "NUT"
  revision = "3887ee99ecf07df5b447e9b00d9c0b2adaa9f3e4"
  version = "v0.9.0"

[[projects]]
  digest = "1:341a7df38da99fe91ed40e4008c13cc5d02dcc98ed1a094360cb7d5df26d6d26"
  name = "gopkg.in/logfmt.v0"
  packages = ["."]
  pruneopts = "NUT"
  revision = "390ab7935ee28ec6b286364bba9b4dd6410cb3d5"
  version = "v0.3.0"

[[projects]]
  digest = "1:a1efdbc2762667c8a41cbf02b19a0549c846bf2c1d08cad4f445e3344089f1f0"
  name = "gopkg.in/stack.v1"
  packages = ["."]
  pruneopts = "NUT"
  revision = "259ab82a6cad3992b4e21ff5cac294ccb06474bc"
  version = "v1.7.0"

[[projects]]
  branch = "v1"
  digest = "1:8fb1ccb16a6cfecbfdfeb84d8ea1cc7afa8f9ef16526bc2326f72d993e32cef1"
  name = "gopkg.in/tomb.v1"
  packages = ["."]
  pruneopts = "NUT"
  revision = "dd632973f1e7218eb1089048e0798ec9ae7dceb8"

[[projects]]
  branch = "v2"
  digest = "1:13e704c08924325be00f96e47e7efe0bfddf0913cdfc237423c83f9b183ff590"
  name = "gopkg.in/yaml.v2"
  packages = ["."]
  pruneopts = "NUT"
  revision = "d670f9405373e636a5a2765eea47fac0c9bc91a4"

[[projects]]
  branch = "master"
  digest = "1:29f121ec61e712d50cc5c315edbaef873b3b0d0d5e63f4610d5f4266d5883f02"
  name = "k8s.io/api"
  packages = [
    "admissionregistration/v1alpha1",
    "admissionregistration/v1beta1",
    "apps/v1",
    "apps/v1beta1",
    "apps/v1beta2",
    "authentication/v1",
    "authentication/v1beta1",
    "authorization/v1",
    "authorization/v1beta1",
    "autoscaling/v1",
    "autoscaling/v2beta1",
    "batch/v1",
    "batch/v1beta1",
    "batch/v2alpha1",
    "certificates/v1beta1",
    "core/v1",
    "events/v1beta1",
    "extensions/v1beta1",
    "networking/v1",
    "policy/v1beta1",
    "rbac/v1",
    "rbac/v1alpha1",
    "rbac/v1beta1",
    "scheduling/v1alpha1",
    "scheduling/v1beta1",
    "settings/v1alpha1",
    "storage/v1",
    "storage/v1alpha1",
    "storage/v1beta1",
  ]
  pruneopts = "NUT"
  revision = "a33c8200050fc0751848276811abf3fc029b3133"

[[projects]]
  digest = "1:1863cb213bf50c1505c7ef97e78ce4e641e4fda9b4e7dc666ad57b094fdaffe8"
  name = "k8s.io/apimachinery"
  packages = [
    "pkg/api/errors",
    "pkg/api/meta",
    "pkg/api/resource",
    "pkg/apis/meta/internalversion",
    "pkg/apis/meta/v1",
    "pkg/apis/meta/v1/unstructured",
    "pkg/apis/meta/v1beta1",
    "pkg/conversion",
    "pkg/conversion/queryparams",
    "pkg/fields",
    "pkg/labels",
    "pkg/runtime",
    "pkg/runtime/schema",
    "pkg/runtime/serializer",
    "pkg/runtime/serializer/json",
    "pkg/runtime/serializer/protobuf",
    "pkg/runtime/serializer/recognizer",
    "pkg/runtime/serializer/streaming",
    "pkg/runtime/serializer/versioning",
    "pkg/selection",
    "pkg/types",
    "pkg/util/cache",
    "pkg/util/clock",
    "pkg/util/diff",
    "pkg/util/errors",
    "pkg/util/framer",
    "pkg/util/intstr",
    "pkg/util/json",
    "pkg/util/mergepatch",
    "pkg/util/net",
    "pkg/util/runtime",
    "pkg/util/sets",
    "pkg/util/strategicpatch",
    "pkg/util/validation",
    "pkg/util/validation/field",
    "pkg/util/wait",
    "pkg/util/yaml",
    "pkg/version",
    "pkg/watch",
    "third_party/forked/golang/json",
    "third_party/forked/golang/reflect",
  ]
  pruneopts = "NUT"
  revision = "103fd098999dc9c0c88536f5c9ad2e5da39373ae"

[[projects]]
  digest = "1:d358f52a41234eaf18e05a144f031ee6d062761b6a34fcce4bd84637d3e665b1"
  name = "k8s.io/client-go"
  packages = [
    "discovery",
    "kubernetes",
    "kubernetes/scheme",
    "kubernetes/typed/admissionregistration/v1alpha1",
    "kubernetes/typed/admissionregistration/v1beta1",
    "kubernetes/typed/apps/v1",
    "kubernetes/typed/apps/v1beta1",
    "kubernetes/typed/apps/v1beta2",
    "kubernetes/typed/authentication/v1",
    "kubernetes/typed/authentication/v1beta1",
    "kubernetes/typed/authorization/v1",
    "kubernetes/typed/authorization/v1beta1",
    "kubernetes/typed/autoscaling/v1",
    "kubernetes/typed/autoscaling/v2beta1",
    "kubernetes/typed/batch/v1",
    "kubernetes/typed/batch/v1beta1",
    "kubernetes/typed/batch/v2alpha1",
    "kubernetes/typed/certificates/v1beta1",
    "kubernetes/typed/core/v1",
    "kubernetes/typed/events/v1beta1",
    "kubernetes/typed/extensions/v1beta1",
    "kubernetes/typed/networking/v1",
    "kubernetes/typed/policy/v1beta1",
    "kubernetes/typed/rbac/v1",
    "kubernetes/typed/rbac/v1alpha1",
    "kubernetes/typed/rbac/v1beta1",
    "kubernetes/typed/scheduling/v1alpha1",
    "kubernetes/typed/scheduling/v1beta1",
    "kubernetes/typed/settings/v1alpha1",
    "kubernetes/typed/storage/v1",
    "kubernetes/typed/storage/v1alpha1",
    "kubernetes/typed/storage/v1beta1",
    "pkg/apis/clientauthentication",
    "pkg/apis/clientauthentication/v1alpha1",
    "pkg/apis/clientauthentication/v1beta1",
    "pkg/version",
    "plugin/pkg/client/auth/exec",
    "rest",
    "rest/watch",
    "tools/cache",
    "tools/clientcmd/api",
    "tools/leaderelection",
    "tools/leaderelection/resourcelock",
    "tools/metrics",
    "tools/pager",
    "tools/record",
    "tools/reference",
    "transport",
    "util/buffer",
    "util/cert",
    "util/connrotation",
    "util/flowcontrol",
    "util/integer",
    "util/retry",
  ]
  pruneopts = "NUT"
  revision = "7d04d0e2a0a1a4d4a1cd6baa432a2301492e4e65"
  version = "v8.0.0"

[[projects]]
  branch = "master"
  digest = "1:e0d6dcb28c42a53c7243bb6380badd17f92fbd8488a075a07e984f91a07c0d23"
  name = "k8s.io/kube-openapi"
  packages = ["pkg/util/proto"]
  pruneopts = "NUT"
  revision = "275e2ce91dec4c05a4094a7b1daee5560b555ac9"

[[projects]]
  digest = "1:b62402265dfe584eff426e6320657131da4feeebe7254adbc1dbd4040a2015e1"
  name = "k8s.io/kubernetes"
  packages = ["pkg/kubelet/apis/stats/v1alpha1"]
  pruneopts = "NUT"
  revision = "0ed33881dc4355495f623c6f22e7dd0b7632b7c0"
  version = "v1.12.0"

[solve-meta]
  analyzer-name = "dep"
  analyzer-version = 1
  input-imports = [
    "github.com/Knetic/govaluate",
    "github.com/Microsoft/go-winio",
    "github.com/ShowMax/go-fqdn",
    "github.com/StackExchange/wmi",
    "github.com/coreos/etcd/client",
    "github.com/coreos/go-systemd/util",
    "github.com/creasty/defaults",
    "github.com/davecgh/go-spew/spew",
    "github.com/docker/docker/api/types",
    "github.com/docker/docker/api/types/filters",
    "github.com/docker/docker/client",
    "github.com/docker/go-connections/nat",
    "github.com/gobwas/glob",
    "github.com/google/cadvisor/client",
    "github.com/google/cadvisor/info/v1",
    "github.com/gorilla/mux",
    "github.com/hashicorp/consul/api",
    "github.com/hashicorp/golang-lru",
    "github.com/iancoleman/strcase",
    "github.com/influxdata/telegraf/plugins/inputs",
    "github.com/influxdata/telegraf/plugins/inputs/logparser",
    "github.com/influxdata/telegraf/plugins/inputs/procstat",
    "github.com/influxdata/telegraf/plugins/inputs/snmp",
    "github.com/influxdata/telegraf/plugins/inputs/sqlserver",
    "github.com/influxdata/telegraf/plugins/inputs/statsd",
    "github.com/influxdata/telegraf/plugins/inputs/tail",
    "github.com/influxdata/telegraf/plugins/inputs/win_perf_counters",
    "github.com/influxdata/telegraf/plugins/inputs/win_services",
    "github.com/influxdata/telegraf/plugins/parsers",
    "github.com/kardianos/service",
    "github.com/kr/pretty",
    "github.com/mailru/easyjson",
    "github.com/mitchellh/hashstructure",
    "github.com/onsi/ginkgo",
    "github.com/onsi/gomega",
    "github.com/pkg/errors",
    "github.com/prometheus/client_model/go",
    "github.com/prometheus/common/expfmt",
    "github.com/samuel/go-zookeeper/zk",
    "github.com/shirou/gopsutil/mem",
    "github.com/shirou/gopsutil/net",
    "github.com/shirou/gopsutil/process",
    "github.com/signalfx/com_signalfx_metrics_protobuf",
    "github.com/signalfx/golib/datapoint",
    "github.com/signalfx/golib/event",
    "github.com/signalfx/golib/log",
    "github.com/signalfx/golib/metadata/aws/ec2metadata",
    "github.com/signalfx/golib/metadata/hostmetadata",
    "github.com/signalfx/golib/pointer",
    "github.com/signalfx/golib/sfxclient",
    "github.com/signalfx/golib/trace",
    "github.com/signalfx/golib/web",
    "github.com/signalfx/metricproxy/protocol/collectd",
    "github.com/signalfx/metricproxy/protocol/collectd/format",
    "github.com/signalfx/metricproxy/protocol/signalfx",
    "github.com/signalfx/telegraf/plugins/outputs/signalfx/parse",
    "github.com/sirupsen/logrus",
    "github.com/stretchr/testify/assert",
    "github.com/ulule/deepcopier",
    "github.com/x-cray/logrus-prefixed-formatter",
    "golang.org/x/sync/errgroup",
    "golang.org/x/sys/windows",
    "gopkg.in/fatih/set.v0",
    "gopkg.in/go-playground/validator.v9",
    "gopkg.in/yaml.v2",
    "k8s.io/api/core/v1",
    "k8s.io/api/extensions/v1beta1",
    "k8s.io/apimachinery/pkg/apis/meta/v1",
    "k8s.io/apimachinery/pkg/fields",
    "k8s.io/apimachinery/pkg/runtime",
    "k8s.io/apimachinery/pkg/runtime/serializer",
    "k8s.io/apimachinery/pkg/runtime/serializer/json",
    "k8s.io/apimachinery/pkg/runtime/serializer/streaming",
    "k8s.io/apimachinery/pkg/types",
    "k8s.io/apimachinery/pkg/watch",
    "k8s.io/client-go/kubernetes",
    "k8s.io/client-go/kubernetes/scheme",
    "k8s.io/client-go/kubernetes/typed/core/v1",
    "k8s.io/client-go/rest",
    "k8s.io/client-go/rest/watch",
    "k8s.io/client-go/tools/cache",
    "k8s.io/client-go/tools/leaderelection",
    "k8s.io/client-go/tools/leaderelection/resourcelock",
    "k8s.io/client-go/tools/record",
    "k8s.io/kubernetes/pkg/kubelet/apis/stats/v1alpha1",
  ]
  solver-name = "gps-cdcl"
  solver-version = 1
